// !$*UTF8*$!
{
	archiveVersion = 1;
	classes = {
	};
	objectVersion = 50;
	objects = {

/* Begin PBXBuildFile section */
		E2D13C1424B6D72900A813F2 /* AppDelegate.swift in Sources */ = {isa = PBXBuildFile; fileRef = E2D13C1324B6D72900A813F2 /* AppDelegate.swift */; };
		E2D13C1624B6D72900A813F2 /* SceneDelegate.swift in Sources */ = {isa = PBXBuildFile; fileRef = E2D13C1524B6D72900A813F2 /* SceneDelegate.swift */; };
		E2D13C1824B6D72900A813F2 /* ViewController.swift in Sources */ = {isa = PBXBuildFile; fileRef = E2D13C1724B6D72900A813F2 /* ViewController.swift */; };
		E2D13C1B24B6D72900A813F2 /* Main.storyboard in Resources */ = {isa = PBXBuildFile; fileRef = E2D13C1924B6D72900A813F2 /* Main.storyboard */; };
		E2D13C1D24B6D72E00A813F2 /* Assets.xcassets in Resources */ = {isa = PBXBuildFile; fileRef = E2D13C1C24B6D72E00A813F2 /* Assets.xcassets */; };
		E2D13C2024B6D72E00A813F2 /* LaunchScreen.storyboard in Resources */ = {isa = PBXBuildFile; fileRef = E2D13C1E24B6D72E00A813F2 /* LaunchScreen.storyboard */; };
		E2D13C2B24B6D72E00A813F2 /* CodingTestWiproTests.swift in Sources */ = {isa = PBXBuildFile; fileRef = E2D13C2A24B6D72E00A813F2 /* CodingTestWiproTests.swift */; };
		E2D13C3624B6D72E00A813F2 /* CodingTestWiproUITests.swift in Sources */ = {isa = PBXBuildFile; fileRef = E2D13C3524B6D72E00A813F2 /* CodingTestWiproUITests.swift */; };
/* End PBXBuildFile section */

/* Begin PBXContainerItemProxy section */
		E2D13C2724B6D72E00A813F2 /* PBXContainerItemProxy */ = {
			isa = PBXContainerItemProxy;
			containerPortal = E2D13C0824B6D72900A813F2 /* Project object */;
			proxyType = 1;
			remoteGlobalIDString = E2D13C0F24B6D72900A813F2;
			remoteInfo = CodingTestWipro;
		};
		E2D13C3224B6D72E00A813F2 /* PBXContainerItemProxy */ = {
			isa = PBXContainerItemProxy;
			containerPortal = E2D13C0824B6D72900A813F2 /* Project object */;
			proxyType = 1;
			remoteGlobalIDString = E2D13C0F24B6D72900A813F2;
			remoteInfo = CodingTestWipro;
		};
/* End PBXContainerItemProxy section */

/* Begin PBXFileReference section */
		E2D13C1024B6D72900A813F2 /* CodingTestWipro.app */ = {isa = PBXFileReference; explicitFileType = wrapper.application; includeInIndex = 0; path = CodingTestWipro.app; sourceTree = BUILT_PRODUCTS_DIR; };
		E2D13C1324B6D72900A813F2 /* AppDelegate.swift */ = {isa = PBXFileReference; lastKnownFileType = sourcecode.swift; path = AppDelegate.swift; sourceTree = "<group>"; };
		E2D13C1524B6D72900A813F2 /* SceneDelegate.swift */ = {isa = PBXFileReference; lastKnownFileType = sourcecode.swift; path = SceneDelegate.swift; sourceTree = "<group>"; };
		E2D13C1724B6D72900A813F2 /* ViewController.swift */ = {isa = PBXFileReference; lastKnownFileType = sourcecode.swift; path = ViewController.swift; sourceTree = "<group>"; };
		E2D13C1A24B6D72900A813F2 /* Base */ = {isa = PBXFileReference; lastKnownFileType = file.storyboard; name = Base; path = Base.lproj/Main.storyboard; sourceTree = "<group>"; };
		E2D13C1C24B6D72E00A813F2 /* Assets.xcassets */ = {isa = PBXFileReference; lastKnownFileType = folder.assetcatalog; path = Assets.xcassets; sourceTree = "<group>"; };
		E2D13C1F24B6D72E00A813F2 /* Base */ = {isa = PBXFileReference; lastKnownFileType = file.storyboard; name = Base; path = Base.lproj/LaunchScreen.storyboard; sourceTree = "<group>"; };
		E2D13C2124B6D72E00A813F2 /* Info.plist */ = {isa = PBXFileReference; lastKnownFileType = text.plist.xml; path = Info.plist; sourceTree = "<group>"; };
		E2D13C2624B6D72E00A813F2 /* CodingTestWiproTests.xctest */ = {isa = PBXFileReference; explicitFileType = wrapper.cfbundle; includeInIndex = 0; path = CodingTestWiproTests.xctest; sourceTree = BUILT_PRODUCTS_DIR; };
		E2D13C2A24B6D72E00A813F2 /* CodingTestWiproTests.swift */ = {isa = PBXFileReference; lastKnownFileType = sourcecode.swift; path = CodingTestWiproTests.swift; sourceTree = "<group>"; };
		E2D13C2C24B6D72E00A813F2 /* Info.plist */ = {isa = PBXFileReference; lastKnownFileType = text.plist.xml; path = Info.plist; sourceTree = "<group>"; };
		E2D13C3124B6D72E00A813F2 /* CodingTestWiproUITests.xctest */ = {isa = PBXFileReference; explicitFileType = wrapper.cfbundle; includeInIndex = 0; path = CodingTestWiproUITests.xctest; sourceTree = BUILT_PRODUCTS_DIR; };
		E2D13C3524B6D72E00A813F2 /* CodingTestWiproUITests.swift */ = {isa = PBXFileReference; lastKnownFileType = sourcecode.swift; path = CodingTestWiproUITests.swift; sourceTree = "<group>"; };
		E2D13C3724B6D72E00A813F2 /* Info.plist */ = {isa = PBXFileReference; lastKnownFileType = text.plist.xml; path = Info.plist; sourceTree = "<group>"; };
/* End PBXFileReference section */

/* Begin PBXFrameworksBuildPhase section */
		E2D13C0D24B6D72900A813F2 /* Frameworks */ = {
			isa = PBXFrameworksBuildPhase;
			buildActionMask = 2147483647;
			files = (
			);
			runOnlyForDeploymentPostprocessing = 0;
		};
		E2D13C2324B6D72E00A813F2 /* Frameworks */ = {
			isa = PBXFrameworksBuildPhase;
			buildActionMask = 2147483647;
			files = (
			);
			runOnlyForDeploymentPostprocessing = 0;
		};
		E2D13C2E24B6D72E00A813F2 /* Frameworks */ = {
			isa = PBXFrameworksBuildPhase;
			buildActionMask = 2147483647;
			files = (
			);
			runOnlyForDeploymentPostprocessing = 0;
		};
/* End PBXFrameworksBuildPhase section */

/* Begin PBXGroup section */
		E2D13C0724B6D72900A813F2 = {
			isa = PBXGroup;
			children = (
				E2D13C1224B6D72900A813F2 /* CodingTestWipro */,
				E2D13C2924B6D72E00A813F2 /* CodingTestWiproTests */,
				E2D13C3424B6D72E00A813F2 /* CodingTestWiproUITests */,
				E2D13C1124B6D72900A813F2 /* Products */,
			);
			sourceTree = "<group>";
		};
		E2D13C1124B6D72900A813F2 /* Products */ = {
			isa = PBXGroup;
			children = (
				E2D13C1024B6D72900A813F2 /* CodingTestWipro.app */,
				E2D13C2624B6D72E00A813F2 /* CodingTestWiproTests.xctest */,
				E2D13C3124B6D72E00A813F2 /* CodingTestWiproUITests.xctest */,
			);
			name = Products;
			sourceTree = "<group>";
		};
		E2D13C1224B6D72900A813F2 /* CodingTestWipro */ = {
			isa = PBXGroup;
			children = (
				E2D13C1324B6D72900A813F2 /* AppDelegate.swift */,
				E2D13C1524B6D72900A813F2 /* SceneDelegate.swift */,
				E2D13C1724B6D72900A813F2 /* ViewController.swift */,
				E2D13C1924B6D72900A813F2 /* Main.storyboard */,
				E2D13C1C24B6D72E00A813F2 /* Assets.xcassets */,
				E2D13C1E24B6D72E00A813F2 /* LaunchScreen.storyboard */,
				E2D13C2124B6D72E00A813F2 /* Info.plist */,
			);
			path = CodingTestWipro;
			sourceTree = "<group>";
		};
		E2D13C2924B6D72E00A813F2 /* CodingTestWiproTests */ = {
			isa = PBXGroup;
			children = (
				E2D13C2A24B6D72E00A813F2 /* CodingTestWiproTests.swift */,
				E2D13C2C24B6D72E00A813F2 /* Info.plist */,
			);
			path = CodingTestWiproTests;
			sourceTree = "<group>";
		};
		E2D13C3424B6D72E00A813F2 /* CodingTestWiproUITests */ = {
			isa = PBXGroup;
			children = (
				E2D13C3524B6D72E00A813F2 /* CodingTestWiproUITests.swift */,
				E2D13C3724B6D72E00A813F2 /* Info.plist */,
			);
			path = CodingTestWiproUITests;
			sourceTree = "<group>";
		};
/* End PBXGroup section */

/* Begin PBXNativeTarget section */
		E2D13C0F24B6D72900A813F2 /* CodingTestWipro */ = {
			isa = PBXNativeTarget;
			buildConfigurationList = E2D13C3A24B6D72E00A813F2 /* Build configuration list for PBXNativeTarget "CodingTestWipro" */;
			buildPhases = (
				E2D13C0C24B6D72900A813F2 /* Sources */,
				E2D13C0D24B6D72900A813F2 /* Frameworks */,
				E2D13C0E24B6D72900A813F2 /* Resources */,
			);
			buildRules = (
			);
			dependencies = (
			);
			name = CodingTestWipro;
			productName = CodingTestWipro;
			productReference = E2D13C1024B6D72900A813F2 /* CodingTestWipro.app */;
			productType = "com.apple.product-type.application";
		};
		E2D13C2524B6D72E00A813F2 /* CodingTestWiproTests */ = {
			isa = PBXNativeTarget;
			buildConfigurationList = E2D13C3D24B6D72E00A813F2 /* Build configuration list for PBXNativeTarget "CodingTestWiproTests" */;
			buildPhases = (
				E2D13C2224B6D72E00A813F2 /* Sources */,
				E2D13C2324B6D72E00A813F2 /* Frameworks */,
				E2D13C2424B6D72E00A813F2 /* Resources */,
			);
			buildRules = (
			);
			dependencies = (
				E2D13C2824B6D72E00A813F2 /* PBXTargetDependency */,
			);
			name = CodingTestWiproTests;
			productName = CodingTestWiproTests;
			productReference = E2D13C2624B6D72E00A813F2 /* CodingTestWiproTests.xctest */;
			productType = "com.apple.product-type.bundle.unit-test";
		};
		E2D13C3024B6D72E00A813F2 /* CodingTestWiproUITests */ = {
			isa = PBXNativeTarget;
			buildConfigurationList = E2D13C4024B6D72E00A813F2 /* Build configuration list for PBXNativeTarget "CodingTestWiproUITests" */;
			buildPhases = (
				E2D13C2D24B6D72E00A813F2 /* Sources */,
				E2D13C2E24B6D72E00A813F2 /* Frameworks */,
				E2D13C2F24B6D72E00A813F2 /* Resources */,
			);
			buildRules = (
			);
			dependencies = (
				E2D13C3324B6D72E00A813F2 /* PBXTargetDependency */,
			);
			name = CodingTestWiproUITests;
			productName = CodingTestWiproUITests;
			productReference = E2D13C3124B6D72E00A813F2 /* CodingTestWiproUITests.xctest */;
			productType = "com.apple.product-type.bundle.ui-testing";
		};
/* End PBXNativeTarget section */

/* Begin PBXProject section */
		E2D13C0824B6D72900A813F2 /* Project object */ = {
			isa = PBXProject;
			attributes = {
				LastSwiftUpdateCheck = 1150;
				LastUpgradeCheck = 1150;
				ORGANIZATIONNAME = Niranjan;
				TargetAttributes = {
					E2D13C0F24B6D72900A813F2 = {
						CreatedOnToolsVersion = 11.5;
					};
					E2D13C2524B6D72E00A813F2 = {
						CreatedOnToolsVersion = 11.5;
						TestTargetID = E2D13C0F24B6D72900A813F2;
					};
					E2D13C3024B6D72E00A813F2 = {
						CreatedOnToolsVersion = 11.5;
						TestTargetID = E2D13C0F24B6D72900A813F2;
					};
				};
			};
			buildConfigurationList = E2D13C0B24B6D72900A813F2 /* Build configuration list for PBXProject "CodingTestWipro" */;
			compatibilityVersion = "Xcode 9.3";
			developmentRegion = en;
			hasScannedForEncodings = 0;
			knownRegions = (
				en,
				Base,
			);
			mainGroup = E2D13C0724B6D72900A813F2;
			productRefGroup = E2D13C1124B6D72900A813F2 /* Products */;
			projectDirPath = "";
			projectRoot = "";
			targets = (
				E2D13C0F24B6D72900A813F2 /* CodingTestWipro */,
				E2D13C2524B6D72E00A813F2 /* CodingTestWiproTests */,
				E2D13C3024B6D72E00A813F2 /* CodingTestWiproUITests */,
			);
		};
/* End PBXProject section */

/* Begin PBXResourcesBuildPhase section */
		E2D13C0E24B6D72900A813F2 /* Resources */ = {
			isa = PBXResourcesBuildPhase;
			buildActionMask = 2147483647;
			files = (
				E2D13C2024B6D72E00A813F2 /* LaunchScreen.storyboard in Resources */,
				E2D13C1D24B6D72E00A813F2 /* Assets.xcassets in Resources */,
				E2D13C1B24B6D72900A813F2 /* Main.storyboard in Resources */,
			);
			runOnlyForDeploymentPostprocessing = 0;
		};
		E2D13C2424B6D72E00A813F2 /* Resources */ = {
			isa = PBXResourcesBuildPhase;
			buildActionMask = 2147483647;
			files = (
			);
			runOnlyForDeploymentPostprocessing = 0;
		};
		E2D13C2F24B6D72E00A813F2 /* Resources */ = {
			isa = PBXResourcesBuildPhase;
			buildActionMask = 2147483647;
			files = (
			);
			runOnlyForDeploymentPostprocessing = 0;
		};
/* End PBXResourcesBuildPhase section */

/* Begin PBXSourcesBuildPhase section */
		E2D13C0C24B6D72900A813F2 /* Sources */ = {
			isa = PBXSourcesBuildPhase;
			buildActionMask = 2147483647;
			files = (
				E2D13C1824B6D72900A813F2 /* ViewController.swift in Sources */,
				E2D13C1424B6D72900A813F2 /* AppDelegate.swift in Sources */,
				E2D13C1624B6D72900A813F2 /* SceneDelegate.swift in Sources */,
			);
			runOnlyForDeploymentPostprocessing = 0;
		};
		E2D13C2224B6D72E00A813F2 /* Sources */ = {
			isa = PBXSourcesBuildPhase;
			buildActionMask = 2147483647;
			files = (
				E2D13C2B24B6D72E00A813F2 /* CodingTestWiproTests.swift in Sources */,
			);
			runOnlyForDeploymentPostprocessing = 0;
		};
		E2D13C2D24B6D72E00A813F2 /* Sources */ = {
			isa = PBXSourcesBuildPhase;
			buildActionMask = 2147483647;
			files = (
				E2D13C3624B6D72E00A813F2 /* CodingTestWiproUITests.swift in Sources */,
			);
			runOnlyForDeploymentPostprocessing = 0;
		};
/* End PBXSourcesBuildPhase section */

/* Begin PBXTargetDependency section */
		E2D13C2824B6D72E00A813F2 /* PBXTargetDependency */ = {
			isa = PBXTargetDependency;
			target = E2D13C0F24B6D72900A813F2 /* CodingTestWipro */;
			targetProxy = E2D13C2724B6D72E00A813F2 /* PBXContainerItemProxy */;
		};
		E2D13C3324B6D72E00A813F2 /* PBXTargetDependency */ = {
			isa = PBXTargetDependency;
			target = E2D13C0F24B6D72900A813F2 /* CodingTestWipro */;
			targetProxy = E2D13C3224B6D72E00A813F2 /* PBXContainerItemProxy */;
		};
/* End PBXTargetDependency section */

/* Begin PBXVariantGroup section */
		E2D13C1924B6D72900A813F2 /* Main.storyboard */ = {
			isa = PBXVariantGroup;
			children = (
				E2D13C1A24B6D72900A813F2 /* Base */,
			);
			name = Main.storyboard;
			sourceTree = "<group>";
		};
		E2D13C1E24B6D72E00A813F2 /* LaunchScreen.storyboard */ = {
			isa = PBXVariantGroup;
			children = (
				E2D13C1F24B6D72E00A813F2 /* Base */,
			);
			name = LaunchScreen.storyboard;
			sourceTree = "<group>";
		};
/* End PBXVariantGroup section */

/* Begin XCBuildConfiguration section */
		E2D13C3824B6D72E00A813F2 /* Debug */ = {
			isa = XCBuildConfiguration;
			buildSettings = {
				ALWAYS_SEARCH_USER_PATHS = NO;
				CLANG_ANALYZER_NONNULL = YES;
				CLANG_ANALYZER_NUMBER_OBJECT_CONVERSION = YES_AGGRESSIVE;
				CLANG_CXX_LANGUAGE_STANDARD = "gnu++14";
				CLANG_CXX_LIBRARY = "libc++";
				CLANG_ENABLE_MODULES = YES;
				CLANG_ENABLE_OBJC_ARC = YES;
				CLANG_ENABLE_OBJC_WEAK = YES;
				CLANG_WARN_BLOCK_CAPTURE_AUTORELEASING = YES;
				CLANG_WARN_BOOL_CONVERSION = YES;
				CLANG_WARN_COMMA = YES;
				CLANG_WARN_CONSTANT_CONVERSION = YES;
				CLANG_WARN_DEPRECATED_OBJC_IMPLEMENTATIONS = YES;
				CLANG_WARN_DIRECT_OBJC_ISA_USAGE = YES_ERROR;
				CLANG_WARN_DOCUMENTATION_COMMENTS = YES;
				CLANG_WARN_EMPTY_BODY = YES;
				CLANG_WARN_ENUM_CONVERSION = YES;
				CLANG_WARN_INFINITE_RECURSION = YES;
				CLANG_WARN_INT_CONVERSION = YES;
				CLANG_WARN_NON_LITERAL_NULL_CONVERSION = YES;
				CLANG_WARN_OBJC_IMPLICIT_RETAIN_SELF = YES;
				CLANG_WARN_OBJC_LITERAL_CONVERSION = YES;
				CLANG_WARN_OBJC_ROOT_CLASS = YES_ERROR;
				CLANG_WARN_RANGE_LOOP_ANALYSIS = YES;
				CLANG_WARN_STRICT_PROTOTYPES = YES;
				CLANG_WARN_SUSPICIOUS_MOVE = YES;
				CLANG_WARN_UNGUARDED_AVAILABILITY = YES_AGGRESSIVE;
				CLANG_WARN_UNREACHABLE_CODE = YES;
				CLANG_WARN__DUPLICATE_METHOD_MATCH = YES;
				COPY_PHASE_STRIP = NO;
				DEBUG_INFORMATION_FORMAT = dwarf;
				ENABLE_STRICT_OBJC_MSGSEND = YES;
				ENABLE_TESTABILITY = YES;
				GCC_C_LANGUAGE_STANDARD = gnu11;
				GCC_DYNAMIC_NO_PIC = NO;
				GCC_NO_COMMON_BLOCKS = YES;
				GCC_OPTIMIZATION_LEVEL = 0;
				GCC_PREPROCESSOR_DEFINITIONS = (
					"DEBUG=1",
					"$(inherited)",
				);
				GCC_WARN_64_TO_32_BIT_CONVERSION = YES;
				GCC_WARN_ABOUT_RETURN_TYPE = YES_ERROR;
				GCC_WARN_UNDECLARED_SELECTOR = YES;
				GCC_WARN_UNINITIALIZED_AUTOS = YES_AGGRESSIVE;
				GCC_WARN_UNUSED_FUNCTION = YES;
				GCC_WARN_UNUSED_VARIABLE = YES;
				IPHONEOS_DEPLOYMENT_TARGET = 13.5;
				MTL_ENABLE_DEBUG_INFO = INCLUDE_SOURCE;
				MTL_FAST_MATH = YES;
				ONLY_ACTIVE_ARCH = YES;
				SDKROOT = iphoneos;
				SWIFT_ACTIVE_COMPILATION_CONDITIONS = DEBUG;
				SWIFT_OPTIMIZATION_LEVEL = "-Onone";
			};
			name = Debug;
		};
		E2D13C3924B6D72E00A813F2 /* Release */ = {
			isa = XCBuildConfiguration;
			buildSettings = {
				ALWAYS_SEARCH_USER_PATHS = NO;
				CLANG_ANALYZER_NONNULL = YES;
				CLANG_ANALYZER_NUMBER_OBJECT_CONVERSION = YES_AGGRESSIVE;
				CLANG_CXX_LANGUAGE_STANDARD = "gnu++14";
				CLANG_CXX_LIBRARY = "libc++";
				CLANG_ENABLE_MODULES = YES;
				CLANG_ENABLE_OBJC_ARC = YES;
				CLANG_ENABLE_OBJC_WEAK = YES;
				CLANG_WARN_BLOCK_CAPTURE_AUTORELEASING = YES;
				CLANG_WARN_BOOL_CONVERSION = YES;
				CLANG_WARN_COMMA = YES;
				CLANG_WARN_CONSTANT_CONVERSION = YES;
				CLANG_WARN_DEPRECATED_OBJC_IMPLEMENTATIONS = YES;
				CLANG_WARN_DIRECT_OBJC_ISA_USAGE = YES_ERROR;
				CLANG_WARN_DOCUMENTATION_COMMENTS = YES;
				CLANG_WARN_EMPTY_BODY = YES;
				CLANG_WARN_ENUM_CONVERSION = YES;
				CLANG_WARN_INFINITE_RECURSION = YES;
				CLANG_WARN_INT_CONVERSION = YES;
				CLANG_WARN_NON_LITERAL_NULL_CONVERSION = YES;
				CLANG_WARN_OBJC_IMPLICIT_RETAIN_SELF = YES;
				CLANG_WARN_OBJC_LITERAL_CONVERSION = YES;
				CLANG_WARN_OBJC_ROOT_CLASS = YES_ERROR;
				CLANG_WARN_RANGE_LOOP_ANALYSIS = YES;
				CLANG_WARN_STRICT_PROTOTYPES = YES;
				CLANG_WARN_SUSPICIOUS_MOVE = YES;
				CLANG_WARN_UNGUARDED_AVAILABILITY = YES_AGGRESSIVE;
				CLANG_WARN_UNREACHABLE_CODE = YES;
				CLANG_WARN__DUPLICATE_METHOD_MATCH = YES;
				COPY_PHASE_STRIP = NO;
				DEBUG_INFORMATION_FORMAT = "dwarf-with-dsym";
				ENABLE_NS_ASSERTIONS = NO;
				ENABLE_STRICT_OBJC_MSGSEND = YES;
				GCC_C_LANGUAGE_STANDARD = gnu11;
				GCC_NO_COMMON_BLOCKS = YES;
				GCC_WARN_64_TO_32_BIT_CONVERSION = YES;
				GCC_WARN_ABOUT_RETURN_TYPE = YES_ERROR;
				GCC_WARN_UNDECLARED_SELECTOR = YES;
				GCC_WARN_UNINITIALIZED_AUTOS = YES_AGGRESSIVE;
				GCC_WARN_UNUSED_FUNCTION = YES;
				GCC_WARN_UNUSED_VARIABLE = YES;
				IPHONEOS_DEPLOYMENT_TARGET = 13.5;
				MTL_ENABLE_DEBUG_INFO = NO;
				MTL_FAST_MATH = YES;
				SDKROOT = iphoneos;
				SWIFT_COMPILATION_MODE = wholemodule;
				SWIFT_OPTIMIZATION_LEVEL = "-O";
				VALIDATE_PRODUCT = YES;
			};
			name = Release;
		};
		E2D13C3B24B6D72E00A813F2 /* Debug */ = {
			isa = XCBuildConfiguration;
			buildSettings = {
				ASSETCATALOG_COMPILER_APPICON_NAME = AppIcon;
				CODE_SIGN_STYLE = Automatic;
				INFOPLIST_FILE = CodingTestWipro/Info.plist;
				LD_RUNPATH_SEARCH_PATHS = (
					"$(inherited)",
					"@executable_path/Frameworks",
				);
				PRODUCT_BUNDLE_IDENTIFIER = com.CodeChallenge.App.CodingTestWipro;
				PRODUCT_NAME = "$(TARGET_NAME)";
				SWIFT_VERSION = 5.0;
				TARGETED_DEVICE_FAMILY = "1,2";
			};
			name = Debug;
		};
		E2D13C3C24B6D72E00A813F2 /* Release */ = {
			isa = XCBuildConfiguration;
			buildSettings = {
				ASSETCATALOG_COMPILER_APPICON_NAME = AppIcon;
				CODE_SIGN_STYLE = Automatic;
				INFOPLIST_FILE = CodingTestWipro/Info.plist;
				LD_RUNPATH_SEARCH_PATHS = (
					"$(inherited)",
					"@executable_path/Frameworks",
				);
				PRODUCT_BUNDLE_IDENTIFIER = com.CodeChallenge.App.CodingTestWipro;
				PRODUCT_NAME = "$(TARGET_NAME)";
				SWIFT_VERSION = 5.0;
				TARGETED_DEVICE_FAMILY = "1,2";
			};
			name = Release;
		};
		E2D13C3E24B6D72E00A813F2 /* Debug */ = {
			isa = XCBuildConfiguration;
			buildSettings = {
				ALWAYS_EMBED_SWIFT_STANDARD_LIBRARIES = YES;
				BUNDLE_LOADER = "$(TEST_HOST)";
				CODE_SIGN_STYLE = Automatic;
				INFOPLIST_FILE = CodingTestWiproTests/Info.plist;
				IPHONEOS_DEPLOYMENT_TARGET = 13.5;
				LD_RUNPATH_SEARCH_PATHS = (
					"$(inherited)",
					"@executable_path/Frameworks",
					"@loader_path/Frameworks",
				);
				PRODUCT_BUNDLE_IDENTIFIER = com.CodeChallenge.App.CodingTestWiproTests;
				PRODUCT_NAME = "$(TARGET_NAME)";
				SWIFT_VERSION = 5.0;
				TARGETED_DEVICE_FAMILY = "1,2";
				TEST_HOST = "$(BUILT_PRODUCTS_DIR)/CodingTestWipro.app/CodingTestWipro";
			};
			name = Debug;
		};
		E2D13C3F24B6D72E00A813F2 /* Release */ = {
			isa = XCBuildConfiguration;
			buildSettings = {
				ALWAYS_EMBED_SWIFT_STANDARD_LIBRARIES = YES;
				BUNDLE_LOADER = "$(TEST_HOST)";
				CODE_SIGN_STYLE = Automatic;
				INFOPLIST_FILE = CodingTestWiproTests/Info.plist;
				IPHONEOS_DEPLOYMENT_TARGET = 13.5;
				LD_RUNPATH_SEARCH_PATHS = (
					"$(inherited)",
					"@executable_path/Frameworks",
					"@loader_path/Frameworks",
				);
				PRODUCT_BUNDLE_IDENTIFIER = com.CodeChallenge.App.CodingTestWiproTests;
				PRODUCT_NAME = "$(TARGET_NAME)";
				SWIFT_VERSION = 5.0;
				TARGETED_DEVICE_FAMILY = "1,2";
				TEST_HOST = "$(BUILT_PRODUCTS_DIR)/CodingTestWipro.app/CodingTestWipro";
			};
			name = Release;
		};
		E2D13C4124B6D72E00A813F2 /* Debug */ = {
			isa = XCBuildConfiguration;
			buildSettings = {
				ALWAYS_EMBED_SWIFT_STANDARD_LIBRARIES = YES;
				CODE_SIGN_STYLE = Automatic;
				INFOPLIST_FILE = CodingTestWiproUITests/Info.plist;
				LD_RUNPATH_SEARCH_PATHS = (
					"$(inherited)",
					"@executable_path/Frameworks",
					"@loader_path/Frameworks",
				);
				PRODUCT_BUNDLE_IDENTIFIER = com.CodeChallenge.App.CodingTestWiproUITests;
				PRODUCT_NAME = "$(TARGET_NAME)";
				SWIFT_VERSION = 5.0;
				TARGETED_DEVICE_FAMILY = "1,2";
				TEST_TARGET_NAME = CodingTestWipro;
			};
			name = Debug;
		};
		E2D13C4224B6D72E00A813F2 /* Release */ = {
			isa = XCBuildConfiguration;
			buildSettings = {
				ALWAYS_EMBED_SWIFT_STANDARD_LIBRARIES = YES;
				CODE_SIGN_STYLE = Automatic;
				INFOPLIST_FILE = CodingTestWiproUITests/Info.plist;
				LD_RUNPATH_SEARCH_PATHS = (
					"$(inherited)",
					"@executable_path/Frameworks",
					"@loader_path/Frameworks",
				);
				PRODUCT_BUNDLE_IDENTIFIER = com.CodeChallenge.App.CodingTestWiproUITests;
				PRODUCT_NAME = "$(TARGET_NAME)";
				SWIFT_VERSION = 5.0;
				TARGETED_DEVICE_FAMILY = "1,2";
				TEST_TARGET_NAME = CodingTestWipro;
			};
			name = Release;
		};
/* End XCBuildConfiguration section */

/* Begin XCConfigurationList section */
		E2D13C0B24B6D72900A813F2 /* Build configuration list for PBXProject "CodingTestWipro" */ = {
			isa = XCConfigurationList;
			buildConfigurations = (
				E2D13C3824B6D72E00A813F2 /* Debug */,
				E2D13C3924B6D72E00A813F2 /* Release */,
			);
			defaultConfigurationIsVisible = 0;
			defaultConfigurationName = Release;
		};
		E2D13C3A24B6D72E00A813F2 /* Build configuration list for PBXNativeTarget "CodingTestWipro" */ = {
			isa = XCConfigurationList;
			buildConfigurations = (
				E2D13C3B24B6D72E00A813F2 /* Debug */,
				E2D13C3C24B6D72E00A813F2 /* Release */,
			);
			defaultConfigurationIsVisible = 0;
			defaultConfigurationName = Release;
		};
		E2D13C3D24B6D72E00A813F2 /* Build configuration list for PBXNativeTarget "CodingTestWiproTests" */ = {
			isa = XCConfigurationList;
			buildConfigurations = (
				E2D13C3E24B6D72E00A813F2 /* Debug */,
				E2D13C3F24B6D72E00A813F2 /* Release */,
			);
			defaultConfigurationIsVisible = 0;
			defaultConfigurationName = Release;
		};
		E2D13C4024B6D72E00A813F2 /* Build configuration list for PBXNativeTarget "CodingTestWiproUITests" */ = {
			isa = XCConfigurationList;
			buildConfigurations = (
				E2D13C4124B6D72E00A813F2 /* Debug */,
				E2D13C4224B6D72E00A813F2 /* Release */,
			);
			defaultConfigurationIsVisible = 0;
			defaultConfigurationName = Release;
		};
/* End XCConfigurationList section */
	};
	rootObject = E2D13C0824B6D72900A813F2 /* Project object */;
}
